
Microsoft Visual Studio Solution File, Format Version 12.00
# Visual Studio 15
VisualStudioVersion = 15.0.28010.2046
MinimumVisualStudioVersion = 10.0.40219.1
Project("{FAE04EC0-301F-11D3-BF4B-00C04F79EFBC}") = "logica01", "logica1\logica01.csproj", "{8C0B2C2A-AEC8-4F09-B1D1-1F030A9A0690}"
EndProject
Project("{FAE04EC0-301F-11D3-BF4B-00C04F79EFBC}") = "logica02", "logica2\logica02.csproj", "{74E0270D-17C8-4C3C-9FEC-7DA32A9A369A}"
EndProject
Project("{FAE04EC0-301F-11D3-BF4B-00C04F79EFBC}") = "logica03", "logica3\logica03.csproj", "{D747786E-6788-4FFA-8F0C-D2A0BA47E1FB}"
EndProject
Project("{FAE04EC0-301F-11D3-BF4B-00C04F79EFBC}") = "logica04", "logica4\logica04.csproj", "{3BEF35DD-BB7D-4F07-ACB2-C60D5DF0352D}"
EndProject
Project("{FAE04EC0-301F-11D3-BF4B-00C04F79EFBC}") = "logica05", "logica5\logica05.csproj", "{1C254345-8B92-46F5-B4EA-D373571A1A25}"
EndProject
Project("{FAE04EC0-301F-11D3-BF4B-00C04F79EFBC}") = "logica06", "logica6\logica06.csproj", "{EA91C8B7-72DD-4D40-BFD0-D19D84889BD8}"
EndProject
Project("{FAE04EC0-301F-11D3-BF4B-00C04F79EFBC}") = "logica07", "logica7\logica07.csproj", "{D1D4102F-3D31-44C8-9237-FA74F5B25159}"
EndProject
Project("{FAE04EC0-301F-11D3-BF4B-00C04F79EFBC}") = "logica08", "logica8\logica08.csproj", "{64393F78-5F34-40FC-9BF2-8EB808AC4201}"
EndProject
Project("{FAE04EC0-301F-11D3-BF4B-00C04F79EFBC}") = "logica09", "logica9\logica09.csproj", "{EC182582-1854-4F5A-A575-F3A612CC8B42}"
EndProject
Project("{FAE04EC0-301F-11D3-BF4B-00C04F79EFBC}") = "logica10", "logica10\logica10.csproj", "{7E82A3A7-EED0-47F6-B896-7361FB7CC681}"
EndProject
Project("{FAE04EC0-301F-11D3-BF4B-00C04F79EFBC}") = "logica11", "logica11\logica11.csproj", "{11C8E411-FA23-4D9E-A6DC-445C3402C21E}"
EndProject
Project("{FAE04EC0-301F-11D3-BF4B-00C04F79EFBC}") = "logica12y13", "logica12y13\logica12y13.csproj", "{302EAEEA-92F6-4171-B77C-921DC38080A0}"
EndProject
Project("{FAE04EC0-301F-11D3-BF4B-00C04F79EFBC}") = "logica14", "logica14\logica14.csproj", "{C06FCD01-8B8C-45DD-B4BC-F01239912599}"
EndProject
Project("{FAE04EC0-301F-11D3-BF4B-00C04F79EFBC}") = "logica15", "logica15\logica15.csproj", "{7790DEBD-1FE0-460C-860D-0D8E4D433178}"
EndProject
Project("{FAE04EC0-301F-11D3-BF4B-00C04F79EFBC}") = "logica16", "logica16\logica16.csproj", "{A525831C-18D9-43A1-A0D0-F25215A846A5}"
EndProject
Project("{FAE04EC0-301F-11D3-BF4B-00C04F79EFBC}") = "logica17", "logica17\logica17.csproj", "{5ADF9290-5D86-4ED3-97D3-7873D8731AAD}"
EndProject
Project("{FAE04EC0-301F-11D3-BF4B-00C04F79EFBC}") = "logica18", "logica18\logica18.csproj", "{E57F379B-A966-4A94-A7F8-C6D0C77DA369}"
EndProject
Project("{FAE04EC0-301F-11D3-BF4B-00C04F79EFBC}") = "logica19", "logica19\logica19.csproj", "{84DC4A8D-3B3D-4118-9D4C-A39400F644AA}"
EndProject
Project("{FAE04EC0-301F-11D3-BF4B-00C04F79EFBC}") = "logica20", "logica20\logica20.csproj", "{2A6889FE-A67C-4BAA-ABAC-CF97CA1CAFC1}"
EndProject
Global
	GlobalSection(SolutionConfigurationPlatforms) = preSolution
		Debug|Any CPU = Debug|Any CPU
		Release|Any CPU = Release|Any CPU
	EndGlobalSection
	GlobalSection(ProjectConfigurationPlatforms) = postSolution
		{8C0B2C2A-AEC8-4F09-B1D1-1F030A9A0690}.Debug|Any CPU.ActiveCfg = Debug|Any CPU
		{8C0B2C2A-AEC8-4F09-B1D1-1F030A9A0690}.Debug|Any CPU.Build.0 = Debug|Any CPU
		{8C0B2C2A-AEC8-4F09-B1D1-1F030A9A0690}.Release|Any CPU.ActiveCfg = Release|Any CPU
		{8C0B2C2A-AEC8-4F09-B1D1-1F030A9A0690}.Release|Any CPU.Build.0 = Release|Any CPU
		{74E0270D-17C8-4C3C-9FEC-7DA32A9A369A}.Debug|Any CPU.ActiveCfg = Debug|Any CPU
		{74E0270D-17C8-4C3C-9FEC-7DA32A9A369A}.Debug|Any CPU.Build.0 = Debug|Any CPU
		{74E0270D-17C8-4C3C-9FEC-7DA32A9A369A}.Release|Any CPU.ActiveCfg = Release|Any CPU
		{74E0270D-17C8-4C3C-9FEC-7DA32A9A369A}.Release|Any CPU.Build.0 = Release|Any CPU
		{D747786E-6788-4FFA-8F0C-D2A0BA47E1FB}.Debug|Any CPU.ActiveCfg = Debug|Any CPU
		{D747786E-6788-4FFA-8F0C-D2A0BA47E1FB}.Debug|Any CPU.Build.0 = Debug|Any CPU
		{D747786E-6788-4FFA-8F0C-D2A0BA47E1FB}.Release|Any CPU.ActiveCfg = Release|Any CPU
		{D747786E-6788-4FFA-8F0C-D2A0BA47E1FB}.Release|Any CPU.Build.0 = Release|Any CPU
		{3BEF35DD-BB7D-4F07-ACB2-C60D5DF0352D}.Debug|Any CPU.ActiveCfg = Debug|Any CPU
		{3BEF35DD-BB7D-4F07-ACB2-C60D5DF0352D}.Debug|Any CPU.Build.0 = Debug|Any CPU
		{3BEF35DD-BB7D-4F07-ACB2-C60D5DF0352D}.Release|Any CPU.ActiveCfg = Release|Any CPU
		{3BEF35DD-BB7D-4F07-ACB2-C60D5DF0352D}.Release|Any CPU.Build.0 = Release|Any CPU
		{1C254345-8B92-46F5-B4EA-D373571A1A25}.Debug|Any CPU.ActiveCfg = Debug|Any CPU
		{1C254345-8B92-46F5-B4EA-D373571A1A25}.Debug|Any CPU.Build.0 = Debug|Any CPU
		{1C254345-8B92-46F5-B4EA-D373571A1A25}.Release|Any CPU.ActiveCfg = Release|Any CPU
		{1C254345-8B92-46F5-B4EA-D373571A1A25}.Release|Any CPU.Build.0 = Release|Any CPU
		{EA91C8B7-72DD-4D40-BFD0-D19D84889BD8}.Debug|Any CPU.ActiveCfg = Debug|Any CPU
		{EA91C8B7-72DD-4D40-BFD0-D19D84889BD8}.Debug|Any CPU.Build.0 = Debug|Any CPU
		{EA91C8B7-72DD-4D40-BFD0-D19D84889BD8}.Release|Any CPU.ActiveCfg = Release|Any CPU
		{EA91C8B7-72DD-4D40-BFD0-D19D84889BD8}.Release|Any CPU.Build.0 = Release|Any CPU
		{D1D4102F-3D31-44C8-9237-FA74F5B25159}.Debug|Any CPU.ActiveCfg = Debug|Any CPU
		{D1D4102F-3D31-44C8-9237-FA74F5B25159}.Debug|Any CPU.Build.0 = Debug|Any CPU
		{D1D4102F-3D31-44C8-9237-FA74F5B25159}.Release|Any CPU.ActiveCfg = Release|Any CPU
		{D1D4102F-3D31-44C8-9237-FA74F5B25159}.Release|Any CPU.Build.0 = Release|Any CPU
		{64393F78-5F34-40FC-9BF2-8EB808AC4201}.Debug|Any CPU.ActiveCfg = Debug|Any CPU
		{64393F78-5F34-40FC-9BF2-8EB808AC4201}.Debug|Any CPU.Build.0 = Debug|Any CPU
		{64393F78-5F34-40FC-9BF2-8EB808AC4201}.Release|Any CPU.ActiveCfg = Release|Any CPU
		{64393F78-5F34-40FC-9BF2-8EB808AC4201}.Release|Any CPU.Build.0 = Release|Any CPU
		{EC182582-1854-4F5A-A575-F3A612CC8B42}.Debug|Any CPU.ActiveCfg = Debug|Any CPU
		{EC182582-1854-4F5A-A575-F3A612CC8B42}.Debug|Any CPU.Build.0 = Debug|Any CPU
		{EC182582-1854-4F5A-A575-F3A612CC8B42}.Release|Any CPU.ActiveCfg = Release|Any CPU
		{EC182582-1854-4F5A-A575-F3A612CC8B42}.Release|Any CPU.Build.0 = Release|Any CPU
		{7E82A3A7-EED0-47F6-B896-7361FB7CC681}.Debug|Any CPU.ActiveCfg = Debug|Any CPU
		{7E82A3A7-EED0-47F6-B896-7361FB7CC681}.Debug|Any CPU.Build.0 = Debug|Any CPU
		{7E82A3A7-EED0-47F6-B896-7361FB7CC681}.Release|Any CPU.ActiveCfg = Release|Any CPU
		{7E82A3A7-EED0-47F6-B896-7361FB7CC681}.Release|Any CPU.Build.0 = Release|Any CPU
		{11C8E411-FA23-4D9E-A6DC-445C3402C21E}.Debug|Any CPU.ActiveCfg = Debug|Any CPU
		{11C8E411-FA23-4D9E-A6DC-445C3402C21E}.Debug|Any CPU.Build.0 = Debug|Any CPU
		{11C8E411-FA23-4D9E-A6DC-445C3402C21E}.Release|Any CPU.ActiveCfg = Release|Any CPU
		{11C8E411-FA23-4D9E-A6DC-445C3402C21E}.Release|Any CPU.Build.0 = Release|Any CPU
		{302EAEEA-92F6-4171-B77C-921DC38080A0}.Debug|Any CPU.ActiveCfg = Debug|Any CPU
		{302EAEEA-92F6-4171-B77C-921DC38080A0}.Debug|Any CPU.Build.0 = Debug|Any CPU
		{302EAEEA-92F6-4171-B77C-921DC38080A0}.Release|Any CPU.ActiveCfg = Release|Any CPU
		{302EAEEA-92F6-4171-B77C-921DC38080A0}.Release|Any CPU.Build.0 = Release|Any CPU
		{C06FCD01-8B8C-45DD-B4BC-F01239912599}.Debug|Any CPU.ActiveCfg = Debug|Any CPU
		{C06FCD01-8B8C-45DD-B4BC-F01239912599}.Debug|Any CPU.Build.0 = Debug|Any CPU
		{C06FCD01-8B8C-45DD-B4BC-F01239912599}.Release|Any CPU.ActiveCfg = Release|Any CPU
		{C06FCD01-8B8C-45DD-B4BC-F01239912599}.Release|Any CPU.Build.0 = Release|Any CPU
		{7790DEBD-1FE0-460C-860D-0D8E4D433178}.Debug|Any CPU.ActiveCfg = Debug|Any CPU
		{7790DEBD-1FE0-460C-860D-0D8E4D433178}.Debug|Any CPU.Build.0 = Debug|Any CPU
		{7790DEBD-1FE0-460C-860D-0D8E4D433178}.Release|Any CPU.ActiveCfg = Release|Any CPU
		{7790DEBD-1FE0-460C-860D-0D8E4D433178}.Release|Any CPU.Build.0 = Release|Any CPU
		{A525831C-18D9-43A1-A0D0-F25215A846A5}.Debug|Any CPU.ActiveCfg = Debug|Any CPU
		{A525831C-18D9-43A1-A0D0-F25215A846A5}.Debug|Any CPU.Build.0 = Debug|Any CPU
		{A525831C-18D9-43A1-A0D0-F25215A846A5}.Release|Any CPU.ActiveCfg = Release|Any CPU
		{A525831C-18D9-43A1-A0D0-F25215A846A5}.Release|Any CPU.Build.0 = Release|Any CPU
		{5ADF9290-5D86-4ED3-97D3-7873D8731AAD}.Debug|Any CPU.ActiveCfg = Debug|Any CPU
		{5ADF9290-5D86-4ED3-97D3-7873D8731AAD}.Debug|Any CPU.Build.0 = Debug|Any CPU
		{5ADF9290-5D86-4ED3-97D3-7873D8731AAD}.Release|Any CPU.ActiveCfg = Release|Any CPU
		{5ADF9290-5D86-4ED3-97D3-7873D8731AAD}.Release|Any CPU.Build.0 = Release|Any CPU
		{E57F379B-A966-4A94-A7F8-C6D0C77DA369}.Debug|Any CPU.ActiveCfg = Debug|Any CPU
		{E57F379B-A966-4A94-A7F8-C6D0C77DA369}.Debug|Any CPU.Build.0 = Debug|Any CPU
		{E57F379B-A966-4A94-A7F8-C6D0C77DA369}.Release|Any CPU.ActiveCfg = Release|Any CPU
		{E57F379B-A966-4A94-A7F8-C6D0C77DA369}.Release|Any CPU.Build.0 = Release|Any CPU
		{84DC4A8D-3B3D-4118-9D4C-A39400F644AA}.Debug|Any CPU.ActiveCfg = Debug|Any CPU
		{84DC4A8D-3B3D-4118-9D4C-A39400F644AA}.Debug|Any CPU.Build.0 = Debug|Any CPU
		{84DC4A8D-3B3D-4118-9D4C-A39400F644AA}.Release|Any CPU.ActiveCfg = Release|Any CPU
		{84DC4A8D-3B3D-4118-9D4C-A39400F644AA}.Release|Any CPU.Build.0 = Release|Any CPU
		{2A6889FE-A67C-4BAA-ABAC-CF97CA1CAFC1}.Debug|Any CPU.ActiveCfg = Debug|Any CPU
		{2A6889FE-A67C-4BAA-ABAC-CF97CA1CAFC1}.Debug|Any CPU.Build.0 = Debug|Any CPU
		{2A6889FE-A67C-4BAA-ABAC-CF97CA1CAFC1}.Release|Any CPU.ActiveCfg = Release|Any CPU
		{2A6889FE-A67C-4BAA-ABAC-CF97CA1CAFC1}.Release|Any CPU.Build.0 = Release|Any CPU
	EndGlobalSection
	GlobalSection(SolutionProperties) = preSolution
		HideSolutionNode = FALSE
	EndGlobalSection
	GlobalSection(ExtensibilityGlobals) = postSolution
		SolutionGuid = {05C7EB5A-77AE-420A-A0E8-57A4BBCDAE62}
	EndGlobalSection
EndGlobal
