
Microsoft Visual Studio Solution File, Format Version 12.00
# Visual Studio 15
VisualStudioVersion = 15.0.28010.2041
MinimumVisualStudioVersion = 10.0.40219.1
Project("{FAE04EC0-301F-11D3-BF4B-00C04F79EFBC}") = "S3D14", "S3D14\S3D14.csproj", "{97BFF990-D74A-4CDC-9177-94BADC42EBD5}"
EndProject
Project("{FAE04EC0-301F-11D3-BF4B-00C04F79EFBC}") = "ejercicio01", "ejercicio01\ejercicio01.csproj", "{DCBEEE41-7EB2-493F-975F-A97364D1E2B8}"
EndProject
Global
	GlobalSection(SolutionConfigurationPlatforms) = preSolution
		Debug|Any CPU = Debug|Any CPU
		Release|Any CPU = Release|Any CPU
	EndGlobalSection
	GlobalSection(ProjectConfigurationPlatforms) = postSolution
		{97BFF990-D74A-4CDC-9177-94BADC42EBD5}.Debug|Any CPU.ActiveCfg = Debug|Any CPU
		{97BFF990-D74A-4CDC-9177-94BADC42EBD5}.Debug|Any CPU.Build.0 = Debug|Any CPU
		{97BFF990-D74A-4CDC-9177-94BADC42EBD5}.Release|Any CPU.ActiveCfg = Release|Any CPU
		{97BFF990-D74A-4CDC-9177-94BADC42EBD5}.Release|Any CPU.Build.0 = Release|Any CPU
		{DCBEEE41-7EB2-493F-975F-A97364D1E2B8}.Debug|Any CPU.ActiveCfg = Debug|Any CPU
		{DCBEEE41-7EB2-493F-975F-A97364D1E2B8}.Debug|Any CPU.Build.0 = Debug|Any CPU
		{DCBEEE41-7EB2-493F-975F-A97364D1E2B8}.Release|Any CPU.ActiveCfg = Release|Any CPU
		{DCBEEE41-7EB2-493F-975F-A97364D1E2B8}.Release|Any CPU.Build.0 = Release|Any CPU
	EndGlobalSection
	GlobalSection(SolutionProperties) = preSolution
		HideSolutionNode = FALSE
	EndGlobalSection
	GlobalSection(ExtensibilityGlobals) = postSolution
		SolutionGuid = {C4ECB81B-3B9E-4727-9D73-0B79468BE015}
	EndGlobalSection
EndGlobal
